
Microsoft Visual Studio Solution File, Format Version 12.00
# Visual Studio Version 17
VisualStudioVersion = 17.7.34031.279
MinimumVisualStudioVersion = 10.0.40219.1
Project("{9A19103F-16F7-4668-BE54-9A1E7A4F7556}") = "ManagementServices.variables", "ManagementServices.Variables\ManagementServices.variables.csproj", "{0C6263B3-29FC-4EBC-A63E-62ADE25B5CD8}"
EndProject
Project("{9A19103F-16F7-4668-BE54-9A1E7A4F7556}") = "ManagementServices.Test", "ManagementServices.Test\ManagementServices.Test.csproj", "{13689DB5-3C73-42B4-B9CD-35EF54C2B0FD}"
EndProject
Project("{2150E333-8FDC-42A3-9474-1A3956D46DE8}") = "Solutions Items", "Solutions Items", "{4A448585-841A-42D6-B5CC-8BE4A9EC1DF1}"
	ProjectSection(SolutionItems) = preProject
		..\Readme.md = ..\Readme.md
	EndProjectSection
EndProject
Global
	GlobalSection(SolutionConfigurationPlatforms) = preSolution
		Debug|Any CPU = Debug|Any CPU
		Release|Any CPU = Release|Any CPU
	EndGlobalSection
	GlobalSection(ProjectConfigurationPlatforms) = postSolution
		{0C6263B3-29FC-4EBC-A63E-62ADE25B5CD8}.Debug|Any CPU.ActiveCfg = Debug|Any CPU
		{0C6263B3-29FC-4EBC-A63E-62ADE25B5CD8}.Debug|Any CPU.Build.0 = Debug|Any CPU
		{0C6263B3-29FC-4EBC-A63E-62ADE25B5CD8}.Release|Any CPU.ActiveCfg = Release|Any CPU
		{0C6263B3-29FC-4EBC-A63E-62ADE25B5CD8}.Release|Any CPU.Build.0 = Release|Any CPU
		{13689DB5-3C73-42B4-B9CD-35EF54C2B0FD}.Debug|Any CPU.ActiveCfg = Debug|Any CPU
		{13689DB5-3C73-42B4-B9CD-35EF54C2B0FD}.Debug|Any CPU.Build.0 = Debug|Any CPU
		{13689DB5-3C73-42B4-B9CD-35EF54C2B0FD}.Release|Any CPU.ActiveCfg = Release|Any CPU
		{13689DB5-3C73-42B4-B9CD-35EF54C2B0FD}.Release|Any CPU.Build.0 = Release|Any CPU
	EndGlobalSection
	GlobalSection(SolutionProperties) = preSolution
		HideSolutionNode = FALSE
	EndGlobalSection
	GlobalSection(ExtensibilityGlobals) = postSolution
		SolutionGuid = {9E86547D-92BE-448C-8EC2-A3986B380056}
	EndGlobalSection
EndGlobal
